// !$*UTF8*$!
{
	archiveVersion = 1;
	classes = {
	};
	objectVersion = 77;
	objects = {

/* Begin PBXContainerItemProxy section */
		A6E391572CB883110056AC04 /* PBXContainerItemProxy */ = {
			isa = PBXContainerItemProxy;
			containerPortal = A6E3913D2CB8830F0056AC04 /* Project object */;
			proxyType = 1;
			remoteGlobalIDString = A6E391442CB8830F0056AC04;
			remoteInfo = "Tinder-Swipe-Mobile-Application";
		};
		A6E391612CB883110056AC04 /* PBXContainerItemProxy */ = {
			isa = PBXContainerItemProxy;
			containerPortal = A6E3913D2CB8830F0056AC04 /* Project object */;
			proxyType = 1;
			remoteGlobalIDString = A6E391442CB8830F0056AC04;
			remoteInfo = "Tinder-Swipe-Mobile-Application";
		};
/* End PBXContainerItemProxy section */

/* Begin PBXFileReference section */
		A6E391452CB8830F0056AC04 /* Tinder-Swipe-Mobile-Application.app */ = {isa = PBXFileReference; explicitFileType = wrapper.application; includeInIndex = 0; path = "Tinder-Swipe-Mobile-Application.app"; sourceTree = BUILT_PRODUCTS_DIR; };
		A6E391562CB883110056AC04 /* Tinder-Swipe-Mobile-ApplicationTests.xctest */ = {isa = PBXFileReference; explicitFileType = wrapper.cfbundle; includeInIndex = 0; path = "Tinder-Swipe-Mobile-ApplicationTests.xctest"; sourceTree = BUILT_PRODUCTS_DIR; };
		A6E391602CB883110056AC04 /* Tinder-Swipe-Mobile-ApplicationUITests.xctest */ = {isa = PBXFileReference; explicitFileType = wrapper.cfbundle; includeInIndex = 0; path = "Tinder-Swipe-Mobile-ApplicationUITests.xctest"; sourceTree = BUILT_PRODUCTS_DIR; };
/* End PBXFileReference section */

/* Begin PBXFileSystemSynchronizedRootGroup section */
		A6E391472CB8830F0056AC04 /* Tinder-Swipe-Mobile-Application */ = {
			isa = PBXFileSystemSynchronizedRootGroup;
			path = "Tinder-Swipe-Mobile-Application";
			sourceTree = "<group>";
		};
		A6E391592CB883110056AC04 /* Tinder-Swipe-Mobile-ApplicationTests */ = {
			isa = PBXFileSystemSynchronizedRootGroup;
			path = "Tinder-Swipe-Mobile-ApplicationTests";
			sourceTree = "<group>";
		};
		A6E391632CB883110056AC04 /* Tinder-Swipe-Mobile-ApplicationUITests */ = {
			isa = PBXFileSystemSynchronizedRootGroup;
			path = "Tinder-Swipe-Mobile-ApplicationUITests";
			sourceTree = "<group>";
		};
/* End PBXFileSystemSynchronizedRootGroup section */

/* Begin PBXFrameworksBuildPhase section */
		A6E391422CB8830F0056AC04 /* Frameworks */ = {
			isa = PBXFrameworksBuildPhase;
			buildActionMask = 2147483647;
			files = (
			);
			runOnlyForDeploymentPostprocessing = 0;
		};
		A6E391532CB883110056AC04 /* Frameworks */ = {
			isa = PBXFrameworksBuildPhase;
			buildActionMask = 2147483647;
			files = (
			);
			runOnlyForDeploymentPostprocessing = 0;
		};
		A6E3915D2CB883110056AC04 /* Frameworks */ = {
			isa = PBXFrameworksBuildPhase;
			buildActionMask = 2147483647;
			files = (
			);
			runOnlyForDeploymentPostprocessing = 0;
		};
/* End PBXFrameworksBuildPhase section */

/* Begin PBXGroup section */
		A6E3913C2CB8830F0056AC04 = {
			isa = PBXGroup;
			children = (
				A6E391472CB8830F0056AC04 /* Tinder-Swipe-Mobile-Application */,
				A6E391592CB883110056AC04 /* Tinder-Swipe-Mobile-ApplicationTests */,
				A6E391632CB883110056AC04 /* Tinder-Swipe-Mobile-ApplicationUITests */,
				A6E391462CB8830F0056AC04 /* Products */,
			);
			sourceTree = "<group>";
		};
		A6E391462CB8830F0056AC04 /* Products */ = {
			isa = PBXGroup;
			children = (
				A6E391452CB8830F0056AC04 /* Tinder-Swipe-Mobile-Application.app */,
				A6E391562CB883110056AC04 /* Tinder-Swipe-Mobile-ApplicationTests.xctest */,
				A6E391602CB883110056AC04 /* Tinder-Swipe-Mobile-ApplicationUITests.xctest */,
			);
			name = Products;
			sourceTree = "<group>";
		};
/* End PBXGroup section */

/* Begin PBXNativeTarget section */
		A6E391442CB8830F0056AC04 /* Tinder-Swipe-Mobile-Application */ = {
			isa = PBXNativeTarget;
			buildConfigurationList = A6E3916A2CB883110056AC04 /* Build configuration list for PBXNativeTarget "Tinder-Swipe-Mobile-Application" */;
			buildPhases = (
				A6E391412CB8830F0056AC04 /* Sources */,
				A6E391422CB8830F0056AC04 /* Frameworks */,
				A6E391432CB8830F0056AC04 /* Resources */,
			);
			buildRules = (
			);
			dependencies = (
			);
			fileSystemSynchronizedGroups = (
				A6E391472CB8830F0056AC04 /* Tinder-Swipe-Mobile-Application */,
			);
			name = "Tinder-Swipe-Mobile-Application";
			packageProductDependencies = (
			);
			productName = "Tinder-Swipe-Mobile-Application";
			productReference = A6E391452CB8830F0056AC04 /* Tinder-Swipe-Mobile-Application.app */;
			productType = "com.apple.product-type.application";
		};
		A6E391552CB883110056AC04 /* Tinder-Swipe-Mobile-ApplicationTests */ = {
			isa = PBXNativeTarget;
			buildConfigurationList = A6E3916D2CB883110056AC04 /* Build configuration list for PBXNativeTarget "Tinder-Swipe-Mobile-ApplicationTests" */;
			buildPhases = (
				A6E391522CB883110056AC04 /* Sources */,
				A6E391532CB883110056AC04 /* Frameworks */,
				A6E391542CB883110056AC04 /* Resources */,
			);
			buildRules = (
			);
			dependencies = (
				A6E391582CB883110056AC04 /* PBXTargetDependency */,
			);
			fileSystemSynchronizedGroups = (
				A6E391592CB883110056AC04 /* Tinder-Swipe-Mobile-ApplicationTests */,
			);
			name = "Tinder-Swipe-Mobile-ApplicationTests";
			packageProductDependencies = (
			);
			productName = "Tinder-Swipe-Mobile-ApplicationTests";
			productReference = A6E391562CB883110056AC04 /* Tinder-Swipe-Mobile-ApplicationTests.xctest */;
			productType = "com.apple.product-type.bundle.unit-test";
		};
		A6E3915F2CB883110056AC04 /* Tinder-Swipe-Mobile-ApplicationUITests */ = {
			isa = PBXNativeTarget;
			buildConfigurationList = A6E391702CB883110056AC04 /* Build configuration list for PBXNativeTarget "Tinder-Swipe-Mobile-ApplicationUITests" */;
			buildPhases = (
				A6E3915C2CB883110056AC04 /* Sources */,
				A6E3915D2CB883110056AC04 /* Frameworks */,
				A6E3915E2CB883110056AC04 /* Resources */,
			);
			buildRules = (
			);
			dependencies = (
				A6E391622CB883110056AC04 /* PBXTargetDependency */,
			);
			fileSystemSynchronizedGroups = (
				A6E391632CB883110056AC04 /* Tinder-Swipe-Mobile-ApplicationUITests */,
			);
			name = "Tinder-Swipe-Mobile-ApplicationUITests";
			packageProductDependencies = (
			);
			productName = "Tinder-Swipe-Mobile-ApplicationUITests";
			productReference = A6E391602CB883110056AC04 /* Tinder-Swipe-Mobile-ApplicationUITests.xctest */;
			productType = "com.apple.product-type.bundle.ui-testing";
		};
/* End PBXNativeTarget section */

/* Begin PBXProject section */
		A6E3913D2CB8830F0056AC04 /* Project object */ = {
			isa = PBXProject;
			attributes = {
				BuildIndependentTargetsInParallel = 1;
				LastSwiftUpdateCheck = 1600;
				LastUpgradeCheck = 1600;
				TargetAttributes = {
					A6E391442CB8830F0056AC04 = {
						CreatedOnToolsVersion = 16.0;
					};
					A6E391552CB883110056AC04 = {
						CreatedOnToolsVersion = 16.0;
						TestTargetID = A6E391442CB8830F0056AC04;
					};
					A6E3915F2CB883110056AC04 = {
						CreatedOnToolsVersion = 16.0;
						TestTargetID = A6E391442CB8830F0056AC04;
					};
				};
			};
			buildConfigurationList = A6E391402CB8830F0056AC04 /* Build configuration list for PBXProject "Tinder-Swipe-Mobile-Application" */;
			developmentRegion = en;
			hasScannedForEncodings = 0;
			knownRegions = (
				en,
				Base,
			);
			mainGroup = A6E3913C2CB8830F0056AC04;
			minimizedProjectReferenceProxies = 1;
			preferredProjectObjectVersion = 77;
			productRefGroup = A6E391462CB8830F0056AC04 /* Products */;
			projectDirPath = "";
			projectRoot = "";
			targets = (
				A6E391442CB8830F0056AC04 /* Tinder-Swipe-Mobile-Application */,
				A6E391552CB883110056AC04 /* Tinder-Swipe-Mobile-ApplicationTests */,
				A6E3915F2CB883110056AC04 /* Tinder-Swipe-Mobile-ApplicationUITests */,
			);
		};
/* End PBXProject section */

/* Begin PBXResourcesBuildPhase section */
		A6E391432CB8830F0056AC04 /* Resources */ = {
			isa = PBXResourcesBuildPhase;
			buildActionMask = 2147483647;
			files = (
			);
			runOnlyForDeploymentPostprocessing = 0;
		};
		A6E391542CB883110056AC04 /* Resources */ = {
			isa = PBXResourcesBuildPhase;
			buildActionMask = 2147483647;
			files = (
			);
			runOnlyForDeploymentPostprocessing = 0;
		};
		A6E3915E2CB883110056AC04 /* Resources */ = {
			isa = PBXResourcesBuildPhase;
			buildActionMask = 2147483647;
			files = (
			);
			runOnlyForDeploymentPostprocessing = 0;
		};
/* End PBXResourcesBuildPhase section */

/* Begin PBXSourcesBuildPhase section */
		A6E391412CB8830F0056AC04 /* Sources */ = {
			isa = PBXSourcesBuildPhase;
			buildActionMask = 2147483647;
			files = (
			);
			runOnlyForDeploymentPostprocessing = 0;
		};
		A6E391522CB883110056AC04 /* Sources */ = {
			isa = PBXSourcesBuildPhase;
			buildActionMask = 2147483647;
			files = (
			);
			runOnlyForDeploymentPostprocessing = 0;
		};
		A6E3915C2CB883110056AC04 /* Sources */ = {
			isa = PBXSourcesBuildPhase;
			buildActionMask = 2147483647;
			files = (
			);
			runOnlyForDeploymentPostprocessing = 0;
		};
/* End PBXSourcesBuildPhase section */

/* Begin PBXTargetDependency section */
		A6E391582CB883110056AC04 /* PBXTargetDependency */ = {
			isa = PBXTargetDependency;
			target = A6E391442CB8830F0056AC04 /* Tinder-Swipe-Mobile-Application */;
			targetProxy = A6E391572CB883110056AC04 /* PBXContainerItemProxy */;
		};
		A6E391622CB883110056AC04 /* PBXTargetDependency */ = {
			isa = PBXTargetDependency;
			target = A6E391442CB8830F0056AC04 /* Tinder-Swipe-Mobile-Application */;
			targetProxy = A6E391612CB883110056AC04 /* PBXContainerItemProxy */;
		};
/* End PBXTargetDependency section */

/* Begin XCBuildConfiguration section */
		A6E391682CB883110056AC04 /* Debug */ = {
			isa = XCBuildConfiguration;
			buildSettings = {
				ALWAYS_SEARCH_USER_PATHS = NO;
				ASSETCATALOG_COMPILER_GENERATE_SWIFT_ASSET_SYMBOL_EXTENSIONS = YES;
				CLANG_ANALYZER_NONNULL = YES;
				CLANG_ANALYZER_NUMBER_OBJECT_CONVERSION = YES_AGGRESSIVE;
				CLANG_CXX_LANGUAGE_STANDARD = "gnu++20";
				CLANG_ENABLE_MODULES = YES;
				CLANG_ENABLE_OBJC_ARC = YES;
				CLANG_ENABLE_OBJC_WEAK = YES;
				CLANG_WARN_BLOCK_CAPTURE_AUTORELEASING = YES;
				CLANG_WARN_BOOL_CONVERSION = YES;
				CLANG_WARN_COMMA = YES;
				CLANG_WARN_CONSTANT_CONVERSION = YES;
				CLANG_WARN_DEPRECATED_OBJC_IMPLEMENTATIONS = YES;
				CLANG_WARN_DIRECT_OBJC_ISA_USAGE = YES_ERROR;
				CLANG_WARN_DOCUMENTATION_COMMENTS = YES;
				CLANG_WARN_EMPTY_BODY = YES;
				CLANG_WARN_ENUM_CONVERSION = YES;
				CLANG_WARN_INFINITE_RECURSION = YES;
				CLANG_WARN_INT_CONVERSION = YES;
				CLANG_WARN_NON_LITERAL_NULL_CONVERSION = YES;
				CLANG_WARN_OBJC_IMPLICIT_RETAIN_SELF = YES;
				CLANG_WARN_OBJC_LITERAL_CONVERSION = YES;
				CLANG_WARN_OBJC_ROOT_CLASS = YES_ERROR;
				CLANG_WARN_QUOTED_INCLUDE_IN_FRAMEWORK_HEADER = YES;
				CLANG_WARN_RANGE_LOOP_ANALYSIS = YES;
				CLANG_WARN_STRICT_PROTOTYPES = YES;
				CLANG_WARN_SUSPICIOUS_MOVE = YES;
				CLANG_WARN_UNGUARDED_AVAILABILITY = YES_AGGRESSIVE;
				CLANG_WARN_UNREACHABLE_CODE = YES;
				CLANG_WARN__DUPLICATE_METHOD_MATCH = YES;
				COPY_PHASE_STRIP = NO;
				DEBUG_INFORMATION_FORMAT = dwarf;
				ENABLE_STRICT_OBJC_MSGSEND = YES;
				ENABLE_TESTABILITY = YES;
				ENABLE_USER_SCRIPT_SANDBOXING = YES;
				GCC_C_LANGUAGE_STANDARD = gnu17;
				GCC_DYNAMIC_NO_PIC = NO;
				GCC_NO_COMMON_BLOCKS = YES;
				GCC_OPTIMIZATION_LEVEL = 0;
				GCC_PREPROCESSOR_DEFINITIONS = (
					"DEBUG=1",
					"$(inherited)",
				);
				GCC_WARN_64_TO_32_BIT_CONVERSION = YES;
				GCC_WARN_ABOUT_RETURN_TYPE = YES_ERROR;
				GCC_WARN_UNDECLARED_SELECTOR = YES;
				GCC_WARN_UNINITIALIZED_AUTOS = YES_AGGRESSIVE;
				GCC_WARN_UNUSED_FUNCTION = YES;
				GCC_WARN_UNUSED_VARIABLE = YES;
				LOCALIZATION_PREFERS_STRING_CATALOGS = YES;
				MTL_ENABLE_DEBUG_INFO = INCLUDE_SOURCE;
				MTL_FAST_MATH = YES;
				ONLY_ACTIVE_ARCH = YES;
				SWIFT_ACTIVE_COMPILATION_CONDITIONS = "DEBUG $(inherited)";
				SWIFT_OPTIMIZATION_LEVEL = "-Onone";
			};
			name = Debug;
		};
		A6E391692CB883110056AC04 /* Release */ = {
			isa = XCBuildConfiguration;
			buildSettings = {
				ALWAYS_SEARCH_USER_PATHS = NO;
				ASSETCATALOG_COMPILER_GENERATE_SWIFT_ASSET_SYMBOL_EXTENSIONS = YES;
				CLANG_ANALYZER_NONNULL = YES;
				CLANG_ANALYZER_NUMBER_OBJECT_CONVERSION = YES_AGGRESSIVE;
				CLANG_CXX_LANGUAGE_STANDARD = "gnu++20";
				CLANG_ENABLE_MODULES = YES;
				CLANG_ENABLE_OBJC_ARC = YES;
				CLANG_ENABLE_OBJC_WEAK = YES;
				CLANG_WARN_BLOCK_CAPTURE_AUTORELEASING = YES;
				CLANG_WARN_BOOL_CONVERSION = YES;
				CLANG_WARN_COMMA = YES;
				CLANG_WARN_CONSTANT_CONVERSION = YES;
				CLANG_WARN_DEPRECATED_OBJC_IMPLEMENTATIONS = YES;
				CLANG_WARN_DIRECT_OBJC_ISA_USAGE = YES_ERROR;
				CLANG_WARN_DOCUMENTATION_COMMENTS = YES;
				CLANG_WARN_EMPTY_BODY = YES;
				CLANG_WARN_ENUM_CONVERSION = YES;
				CLANG_WARN_INFINITE_RECURSION = YES;
				CLANG_WARN_INT_CONVERSION = YES;
				CLANG_WARN_NON_LITERAL_NULL_CONVERSION = YES;
				CLANG_WARN_OBJC_IMPLICIT_RETAIN_SELF = YES;
				CLANG_WARN_OBJC_LITERAL_CONVERSION = YES;
				CLANG_WARN_OBJC_ROOT_CLASS = YES_ERROR;
				CLANG_WARN_QUOTED_INCLUDE_IN_FRAMEWORK_HEADER = YES;
				CLANG_WARN_RANGE_LOOP_ANALYSIS = YES;
				CLANG_WARN_STRICT_PROTOTYPES = YES;
				CLANG_WARN_SUSPICIOUS_MOVE = YES;
				CLANG_WARN_UNGUARDED_AVAILABILITY = YES_AGGRESSIVE;
				CLANG_WARN_UNREACHABLE_CODE = YES;
				CLANG_WARN__DUPLICATE_METHOD_MATCH = YES;
				COPY_PHASE_STRIP = NO;
				DEBUG_INFORMATION_FORMAT = "dwarf-with-dsym";
				ENABLE_NS_ASSERTIONS = NO;
				ENABLE_STRICT_OBJC_MSGSEND = YES;
				ENABLE_USER_SCRIPT_SANDBOXING = YES;
				GCC_C_LANGUAGE_STANDARD = gnu17;
				GCC_NO_COMMON_BLOCKS = YES;
				GCC_WARN_64_TO_32_BIT_CONVERSION = YES;
				GCC_WARN_ABOUT_RETURN_TYPE = YES_ERROR;
				GCC_WARN_UNDECLARED_SELECTOR = YES;
				GCC_WARN_UNINITIALIZED_AUTOS = YES_AGGRESSIVE;
				GCC_WARN_UNUSED_FUNCTION = YES;
				GCC_WARN_UNUSED_VARIABLE = YES;
				LOCALIZATION_PREFERS_STRING_CATALOGS = YES;
				MTL_ENABLE_DEBUG_INFO = NO;
				MTL_FAST_MATH = YES;
				SWIFT_COMPILATION_MODE = wholemodule;
			};
			name = Release;
		};
		A6E3916B2CB883110056AC04 /* Debug */ = {
			isa = XCBuildConfiguration;
			buildSettings = {
				ASSETCATALOG_COMPILER_APPICON_NAME = AppIcon;
				ASSETCATALOG_COMPILER_GLOBAL_ACCENT_COLOR_NAME = AccentColor;
				CODE_SIGN_ENTITLEMENTS = "Tinder-Swipe-Mobile-Application/Tinder_Swipe_Mobile_Application.entitlements";
				CODE_SIGN_STYLE = Automatic;
				CURRENT_PROJECT_VERSION = 1;
				DEVELOPMENT_ASSET_PATHS = "\"Tinder-Swipe-Mobile-Application/Preview Content\"";
				DEVELOPMENT_TEAM = 3FHCR3267A;
				ENABLE_HARDENED_RUNTIME = YES;
				ENABLE_PREVIEWS = YES;
				GENERATE_INFOPLIST_FILE = YES;
				"INFOPLIST_KEY_UIApplicationSceneManifest_Generation[sdk=iphoneos*]" = YES;
				"INFOPLIST_KEY_UIApplicationSceneManifest_Generation[sdk=iphonesimulator*]" = YES;
				"INFOPLIST_KEY_UIApplicationSupportsIndirectInputEvents[sdk=iphoneos*]" = YES;
				"INFOPLIST_KEY_UIApplicationSupportsIndirectInputEvents[sdk=iphonesimulator*]" = YES;
				"INFOPLIST_KEY_UILaunchScreen_Generation[sdk=iphoneos*]" = YES;
				"INFOPLIST_KEY_UILaunchScreen_Generation[sdk=iphonesimulator*]" = YES;
				"INFOPLIST_KEY_UIStatusBarStyle[sdk=iphoneos*]" = UIStatusBarStyleDefault;
				"INFOPLIST_KEY_UIStatusBarStyle[sdk=iphonesimulator*]" = UIStatusBarStyleDefault;
				INFOPLIST_KEY_UISupportedInterfaceOrientations_iPad = "UIInterfaceOrientationPortrait UIInterfaceOrientationPortraitUpsideDown UIInterfaceOrientationLandscapeLeft UIInterfaceOrientationLandscapeRight";
				INFOPLIST_KEY_UISupportedInterfaceOrientations_iPhone = "UIInterfaceOrientationPortrait UIInterfaceOrientationLandscapeLeft UIInterfaceOrientationLandscapeRight";
				IPHONEOS_DEPLOYMENT_TARGET = 18.0;
				LD_RUNPATH_SEARCH_PATHS = "@executable_path/Frameworks";
				"LD_RUNPATH_SEARCH_PATHS[sdk=macosx*]" = "@executable_path/../Frameworks";
				MACOSX_DEPLOYMENT_TARGET = 14.6;
				MARKETING_VERSION = 1.0;
				PRODUCT_BUNDLE_IDENTIFIER = "com.ephraim.Tinder-Swipe-Mobile-Application";
				PRODUCT_NAME = "$(TARGET_NAME)";
				SDKROOT = auto;
				SUPPORTED_PLATFORMS = "iphoneos iphonesimulator macosx xros xrsimulator";
				SWIFT_EMIT_LOC_STRINGS = YES;
				SWIFT_VERSION = 5.0;
				TARGETED_DEVICE_FAMILY = "1,2,7";
				XROS_DEPLOYMENT_TARGET = 2.0;
			};
			name = Debug;
		};
		A6E3916C2CB883110056AC04 /* Release */ = {
			isa = XCBuildConfiguration;
			buildSettings = {
				ASSETCATALOG_COMPILER_APPICON_NAME = AppIcon;
				ASSETCATALOG_COMPILER_GLOBAL_ACCENT_COLOR_NAME = AccentColor;
				CODE_SIGN_ENTITLEMENTS = "Tinder-Swipe-Mobile-Application/Tinder_Swipe_Mobile_Application.entitlements";
				CODE_SIGN_STYLE = Automatic;
				CURRENT_PROJECT_VERSION = 1;
				DEVELOPMENT_ASSET_PATHS = "\"Tinder-Swipe-Mobile-Application/Preview Content\"";
				DEVELOPMENT_TEAM = 3FHCR3267A;
				ENABLE_HARDENED_RUNTIME = YES;
				ENABLE_PREVIEWS = YES;
				GENERATE_INFOPLIST_FILE = YES;
				"INFOPLIST_KEY_UIApplicationSceneManifest_Generation[sdk=iphoneos*]" = YES;
				"INFOPLIST_KEY_UIApplicationSceneManifest_Generation[sdk=iphonesimulator*]" = YES;
				"INFOPLIST_KEY_UIApplicationSupportsIndirectInputEvents[sdk=iphoneos*]" = YES;
				"INFOPLIST_KEY_UIApplicationSupportsIndirectInputEvents[sdk=iphonesimulator*]" = YES;
				"INFOPLIST_KEY_UILaunchScreen_Generation[sdk=iphoneos*]" = YES;
				"INFOPLIST_KEY_UILaunchScreen_Generation[sdk=iphonesimulator*]" = YES;
				"INFOPLIST_KEY_UIStatusBarStyle[sdk=iphoneos*]" = UIStatusBarStyleDefault;
				"INFOPLIST_KEY_UIStatusBarStyle[sdk=iphonesimulator*]" = UIStatusBarStyleDefault;
				INFOPLIST_KEY_UISupportedInterfaceOrientations_iPad = "UIInterfaceOrientationPortrait UIInterfaceOrientationPortraitUpsideDown UIInterfaceOrientationLandscapeLeft UIInterfaceOrientationLandscapeRight";
				INFOPLIST_KEY_UISupportedInterfaceOrientations_iPhone = "UIInterfaceOrientationPortrait UIInterfaceOrientationLandscapeLeft UIInterfaceOrientationLandscapeRight";
				IPHONEOS_DEPLOYMENT_TARGET = 18.0;
				LD_RUNPATH_SEARCH_PATHS = "@executable_path/Frameworks";
				"LD_RUNPATH_SEARCH_PATHS[sdk=macosx*]" = "@executable_path/../Frameworks";
				MACOSX_DEPLOYMENT_TARGET = 14.6;
				MARKETING_VERSION = 1.0;
				PRODUCT_BUNDLE_IDENTIFIER = "com.ephraim.Tinder-Swipe-Mobile-Application";
				PRODUCT_NAME = "$(TARGET_NAME)";
				SDKROOT = auto;
				SUPPORTED_PLATFORMS = "iphoneos iphonesimulator macosx xros xrsimulator";
				SWIFT_EMIT_LOC_STRINGS = YES;
				SWIFT_VERSION = 5.0;
				TARGETED_DEVICE_FAMILY = "1,2,7";
				XROS_DEPLOYMENT_TARGET = 2.0;
			};
			name = Release;
		};
		A6E3916E2CB883110056AC04 /* Debug */ = {
			isa = XCBuildConfiguration;
			buildSettings = {
				BUNDLE_LOADER = "$(TEST_HOST)";
				CODE_SIGN_STYLE = Automatic;
				CURRENT_PROJECT_VERSION = 1;
				DEVELOPMENT_TEAM = 3FHCR3267A;
				GENERATE_INFOPLIST_FILE = YES;
				IPHONEOS_DEPLOYMENT_TARGET = 18.0;
				MACOSX_DEPLOYMENT_TARGET = 14.6;
				MARKETING_VERSION = 1.0;
				PRODUCT_BUNDLE_IDENTIFIER = "com.ephraim.Tinder-Swipe-Mobile-ApplicationTests";
				PRODUCT_NAME = "$(TARGET_NAME)";
				SDKROOT = auto;
				SUPPORTED_PLATFORMS = "iphoneos iphonesimulator macosx xros xrsimulator";
				SWIFT_EMIT_LOC_STRINGS = NO;
				SWIFT_VERSION = 5.0;
				TARGETED_DEVICE_FAMILY = "1,2,7";
				TEST_HOST = "$(BUILT_PRODUCTS_DIR)/Tinder-Swipe-Mobile-Application.app/$(BUNDLE_EXECUTABLE_FOLDER_PATH)/Tinder-Swipe-Mobile-Application";
				XROS_DEPLOYMENT_TARGET = 2.0;
			};
			name = Debug;
		};
		A6E3916F2CB883110056AC04 /* Release */ = {
			isa = XCBuildConfiguration;
			buildSettings = {
				BUNDLE_LOADER = "$(TEST_HOST)";
				CODE_SIGN_STYLE = Automatic;
				CURRENT_PROJECT_VERSION = 1;
				DEVELOPMENT_TEAM = 3FHCR3267A;
				GENERATE_INFOPLIST_FILE = YES;
				IPHONEOS_DEPLOYMENT_TARGET = 18.0;
				MACOSX_DEPLOYMENT_TARGET = 14.6;
				MARKETING_VERSION = 1.0;
				PRODUCT_BUNDLE_IDENTIFIER = "com.ephraim.Tinder-Swipe-Mobile-ApplicationTests";
				PRODUCT_NAME = "$(TARGET_NAME)";
				SDKROOT = auto;
				SUPPORTED_PLATFORMS = "iphoneos iphonesimulator macosx xros xrsimulator";
				SWIFT_EMIT_LOC_STRINGS = NO;
				SWIFT_VERSION = 5.0;
				TARGETED_DEVICE_FAMILY = "1,2,7";
				TEST_HOST = "$(BUILT_PRODUCTS_DIR)/Tinder-Swipe-Mobile-Application.app/$(BUNDLE_EXECUTABLE_FOLDER_PATH)/Tinder-Swipe-Mobile-Application";
				XROS_DEPLOYMENT_TARGET = 2.0;
			};
			name = Release;
		};
		A6E391712CB883110056AC04 /* Debug */ = {
			isa = XCBuildConfiguration;
			buildSettings = {
				CODE_SIGN_STYLE = Automatic;
				CURRENT_PROJECT_VERSION = 1;
				DEVELOPMENT_TEAM = 3FHCR3267A;
				GENERATE_INFOPLIST_FILE = YES;
				IPHONEOS_DEPLOYMENT_TARGET = 18.0;
				MACOSX_DEPLOYMENT_TARGET = 14.6;
				MARKETING_VERSION = 1.0;
				PRODUCT_BUNDLE_IDENTIFIER = "com.ephraim.Tinder-Swipe-Mobile-ApplicationUITests";
				PRODUCT_NAME = "$(TARGET_NAME)";
				SDKROOT = auto;
				SUPPORTED_PLATFORMS = "iphoneos iphonesimulator macosx xros xrsimulator";
				SWIFT_EMIT_LOC_STRINGS = NO;
				SWIFT_VERSION = 5.0;
				TARGETED_DEVICE_FAMILY = "1,2,7";
				TEST_TARGET_NAME = "Tinder-Swipe-Mobile-Application";
				XROS_DEPLOYMENT_TARGET = 2.0;
			};
			name = Debug;
		};
		A6E391722CB883110056AC04 /* Release */ = {
			isa = XCBuildConfiguration;
			buildSettings = {
				CODE_SIGN_STYLE = Automatic;
				CURRENT_PROJECT_VERSION = 1;
				DEVELOPMENT_TEAM = 3FHCR3267A;
				GENERATE_INFOPLIST_FILE = YES;
				IPHONEOS_DEPLOYMENT_TARGET = 18.0;
				MACOSX_DEPLOYMENT_TARGET = 14.6;
				MARKETING_VERSION = 1.0;
				PRODUCT_BUNDLE_IDENTIFIER = "com.ephraim.Tinder-Swipe-Mobile-ApplicationUITests";
				PRODUCT_NAME = "$(TARGET_NAME)";
				SDKROOT = auto;
				SUPPORTED_PLATFORMS = "iphoneos iphonesimulator macosx xros xrsimulator";
				SWIFT_EMIT_LOC_STRINGS = NO;
				SWIFT_VERSION = 5.0;
				TARGETED_DEVICE_FAMILY = "1,2,7";
				TEST_TARGET_NAME = "Tinder-Swipe-Mobile-Application";
				XROS_DEPLOYMENT_TARGET = 2.0;
			};
			name = Release;
		};
/* End XCBuildConfiguration section */

/* Begin XCConfigurationList section */
		A6E391402CB8830F0056AC04 /* Build configuration list for PBXProject "Tinder-Swipe-Mobile-Application" */ = {
			isa = XCConfigurationList;
			buildConfigurations = (
				A6E391682CB883110056AC04 /* Debug */,
				A6E391692CB883110056AC04 /* Release */,
			);
			defaultConfigurationIsVisible = 0;
			defaultConfigurationName = Release;
		};
		A6E3916A2CB883110056AC04 /* Build configuration list for PBXNativeTarget "Tinder-Swipe-Mobile-Application" */ = {
			isa = XCConfigurationList;
			buildConfigurations = (
				A6E3916B2CB883110056AC04 /* Debug */,
				A6E3916C2CB883110056AC04 /* Release */,
			);
			defaultConfigurationIsVisible = 0;
			defaultConfigurationName = Release;
		};
		A6E3916D2CB883110056AC04 /* Build configuration list for PBXNativeTarget "Tinder-Swipe-Mobile-ApplicationTests" */ = {
			isa = XCConfigurationList;
			buildConfigurations = (
				A6E3916E2CB883110056AC04 /* Debug */,
				A6E3916F2CB883110056AC04 /* Release */,
			);
			defaultConfigurationIsVisible = 0;
			defaultConfigurationName = Release;
		};
		A6E391702CB883110056AC04 /* Build configuration list for PBXNativeTarget "Tinder-Swipe-Mobile-ApplicationUITests" */ = {
			isa = XCConfigurationList;
			buildConfigurations = (
				A6E391712CB883110056AC04 /* Debug */,
				A6E391722CB883110056AC04 /* Release */,
			);
			defaultConfigurationIsVisible = 0;
			defaultConfigurationName = Release;
		};
/* End XCConfigurationList section */
	};
	rootObject = A6E3913D2CB8830F0056AC04 /* Project object */;
}
